
Microsoft Visual Studio Solution File, Format Version 12.00
# Visual Studio Version 17
VisualStudioVersion = 17.5.002.0
MinimumVisualStudioVersion = 10.0.40219.1
Project("{9A19103F-16F7-4668-BE54-9A1E7A4F7556}") = "AllForOneAPI", "AllForOneAPI.csproj", "{9C7759B0-E6A7-420E-A72B-7031F4B4563D}"
EndProject
Global
	GlobalSection(SolutionConfigurationPlatforms) = preSolution
		Debug|Any CPU = Debug|Any CPU
		Release|Any CPU = Release|Any CPU
	EndGlobalSection
	GlobalSection(ProjectConfigurationPlatforms) = postSolution
		{9C7759B0-E6A7-420E-A72B-7031F4B4563D}.Debug|Any CPU.ActiveCfg = Debug|Any CPU
		{9C7759B0-E6A7-420E-A72B-7031F4B4563D}.Debug|Any CPU.Build.0 = Debug|Any CPU
		{9C7759B0-E6A7-420E-A72B-7031F4B4563D}.Release|Any CPU.ActiveCfg = Release|Any CPU
		{9C7759B0-E6A7-420E-A72B-7031F4B4563D}.Release|Any CPU.Build.0 = Release|Any CPU
	EndGlobalSection
	GlobalSection(SolutionProperties) = preSolution
		HideSolutionNode = FALSE
	EndGlobalSection
	GlobalSection(ExtensibilityGlobals) = postSolution
		SolutionGuid = {79159A4F-D467-4BDD-A7DC-8D0E4BDDE233}
	EndGlobalSection
EndGlobal
